
Microsoft Visual Studio Solution File, Format Version 12.00
# Visual Studio Version 17
VisualStudioVersion = 17.5.33530.505
MinimumVisualStudioVersion = 10.0.40219.1
Project("{8BC9CEB8-8B4A-11D0-8D11-00A0C91BC942}") = "pg3", "pg3.vcxproj", "{322D3012-CC53-4193-8F83-D48EA08B4E9E}"
EndProject
Global
	GlobalSection(SolutionConfigurationPlatforms) = preSolution
		Debug|x64 = Debug|x64
		Debug|x86 = Debug|x86
		Release|x64 = Release|x64
		Release|x86 = Release|x86
	EndGlobalSection
	GlobalSection(ProjectConfigurationPlatforms) = postSolution
		{322D3012-CC53-4193-8F83-D48EA08B4E9E}.Debug|x64.ActiveCfg = Debug|x64
		{322D3012-CC53-4193-8F83-D48EA08B4E9E}.Debug|x64.Build.0 = Debug|x64
		{322D3012-CC53-4193-8F83-D48EA08B4E9E}.Debug|x86.ActiveCfg = Debug|Win32
		{322D3012-CC53-4193-8F83-D48EA08B4E9E}.Debug|x86.Build.0 = Debug|Win32
		{322D3012-CC53-4193-8F83-D48EA08B4E9E}.Release|x64.ActiveCfg = Release|x64
		{322D3012-CC53-4193-8F83-D48EA08B4E9E}.Release|x64.Build.0 = Release|x64
		{322D3012-CC53-4193-8F83-D48EA08B4E9E}.Release|x86.ActiveCfg = Release|Win32
		{322D3012-CC53-4193-8F83-D48EA08B4E9E}.Release|x86.Build.0 = Release|Win32
	EndGlobalSection
	GlobalSection(SolutionProperties) = preSolution
		HideSolutionNode = FALSE
	EndGlobalSection
	GlobalSection(ExtensibilityGlobals) = postSolution
		SolutionGuid = {1FB0A31B-9C61-4582-AC0F-BF900C821A0B}
	EndGlobalSection
EndGlobal
